// !$*UTF8*$!
{
	archiveVersion = 1;
	classes = {
	};
	objectVersion = 56;
	objects = {

/* Begin PBXBuildFile section */
		6BA602D52BC0E877008FE214 /* SafeVisApp.swift in Sources */ = {isa = PBXBuildFile; fileRef = 6BA602D42BC0E877008FE214 /* SafeVisApp.swift */; };
		6BA602D72BC0E877008FE214 /* ContentView.swift in Sources */ = {isa = PBXBuildFile; fileRef = 6BA602D62BC0E877008FE214 /* ContentView.swift */; };
		6BA602D92BC0E878008FE214 /* Assets.xcassets in Resources */ = {isa = PBXBuildFile; fileRef = 6BA602D82BC0E878008FE214 /* Assets.xcassets */; };
		6BA602DC2BC0E878008FE214 /* Preview Assets.xcassets in Resources */ = {isa = PBXBuildFile; fileRef = 6BA602DB2BC0E878008FE214 /* Preview Assets.xcassets */; };
		6BA602E62BC0E878008FE214 /* SafeVisTests.swift in Sources */ = {isa = PBXBuildFile; fileRef = 6BA602E52BC0E878008FE214 /* SafeVisTests.swift */; };
		6BA602F02BC0E878008FE214 /* SafeVisUITests.swift in Sources */ = {isa = PBXBuildFile; fileRef = 6BA602EF2BC0E878008FE214 /* SafeVisUITests.swift */; };
		6BA602F22BC0E878008FE214 /* SafeVisUITestsLaunchTests.swift in Sources */ = {isa = PBXBuildFile; fileRef = 6BA602F12BC0E878008FE214 /* SafeVisUITestsLaunchTests.swift */; };
/* End PBXBuildFile section */

/* Begin PBXContainerItemProxy section */
		6BA602E22BC0E878008FE214 /* PBXContainerItemProxy */ = {
			isa = PBXContainerItemProxy;
			containerPortal = 6BA602C92BC0E877008FE214 /* Project object */;
			proxyType = 1;
			remoteGlobalIDString = 6BA602D02BC0E877008FE214;
			remoteInfo = SafeVis;
		};
		6BA602EC2BC0E878008FE214 /* PBXContainerItemProxy */ = {
			isa = PBXContainerItemProxy;
			containerPortal = 6BA602C92BC0E877008FE214 /* Project object */;
			proxyType = 1;
			remoteGlobalIDString = 6BA602D02BC0E877008FE214;
			remoteInfo = SafeVis;
		};
/* End PBXContainerItemProxy section */

/* Begin PBXFileReference section */
		6BA602D12BC0E877008FE214 /* SafeVis.app */ = {isa = PBXFileReference; explicitFileType = wrapper.application; includeInIndex = 0; path = SafeVis.app; sourceTree = BUILT_PRODUCTS_DIR; };
		6BA602D42BC0E877008FE214 /* SafeVisApp.swift */ = {isa = PBXFileReference; lastKnownFileType = sourcecode.swift; path = SafeVisApp.swift; sourceTree = "<group>"; };
		6BA602D62BC0E877008FE214 /* ContentView.swift */ = {isa = PBXFileReference; lastKnownFileType = sourcecode.swift; path = ContentView.swift; sourceTree = "<group>"; };
		6BA602D82BC0E878008FE214 /* Assets.xcassets */ = {isa = PBXFileReference; lastKnownFileType = folder.assetcatalog; path = Assets.xcassets; sourceTree = "<group>"; };
		6BA602DB2BC0E878008FE214 /* Preview Assets.xcassets */ = {isa = PBXFileReference; lastKnownFileType = folder.assetcatalog; path = "Preview Assets.xcassets"; sourceTree = "<group>"; };
		6BA602E12BC0E878008FE214 /* SafeVisTests.xctest */ = {isa = PBXFileReference; explicitFileType = wrapper.cfbundle; includeInIndex = 0; path = SafeVisTests.xctest; sourceTree = BUILT_PRODUCTS_DIR; };
		6BA602E52BC0E878008FE214 /* SafeVisTests.swift */ = {isa = PBXFileReference; lastKnownFileType = sourcecode.swift; path = SafeVisTests.swift; sourceTree = "<group>"; };
		6BA602EB2BC0E878008FE214 /* SafeVisUITests.xctest */ = {isa = PBXFileReference; explicitFileType = wrapper.cfbundle; includeInIndex = 0; path = SafeVisUITests.xctest; sourceTree = BUILT_PRODUCTS_DIR; };
		6BA602EF2BC0E878008FE214 /* SafeVisUITests.swift */ = {isa = PBXFileReference; lastKnownFileType = sourcecode.swift; path = SafeVisUITests.swift; sourceTree = "<group>"; };
		6BA602F12BC0E878008FE214 /* SafeVisUITestsLaunchTests.swift */ = {isa = PBXFileReference; lastKnownFileType = sourcecode.swift; path = SafeVisUITestsLaunchTests.swift; sourceTree = "<group>"; };
		6BA603002BC1B95A008FE214 /* Info.plist */ = {isa = PBXFileReference; lastKnownFileType = text.plist; path = Info.plist; sourceTree = "<group>"; };
/* End PBXFileReference section */

/* Begin PBXFrameworksBuildPhase section */
		6BA602CE2BC0E877008FE214 /* Frameworks */ = {
			isa = PBXFrameworksBuildPhase;
			buildActionMask = 2147483647;
			files = (
			);
			runOnlyForDeploymentPostprocessing = 0;
		};
		6BA602DE2BC0E878008FE214 /* Frameworks */ = {
			isa = PBXFrameworksBuildPhase;
			buildActionMask = 2147483647;
			files = (
			);
			runOnlyForDeploymentPostprocessing = 0;
		};
		6BA602E82BC0E878008FE214 /* Frameworks */ = {
			isa = PBXFrameworksBuildPhase;
			buildActionMask = 2147483647;
			files = (
			);
			runOnlyForDeploymentPostprocessing = 0;
		};
/* End PBXFrameworksBuildPhase section */

/* Begin PBXGroup section */
		6BA602C82BC0E877008FE214 = {
			isa = PBXGroup;
			children = (
				6BA602D32BC0E877008FE214 /* SafeVis */,
				6BA602E42BC0E878008FE214 /* SafeVisTests */,
				6BA602EE2BC0E878008FE214 /* SafeVisUITests */,
				6BA602D22BC0E877008FE214 /* Products */,
			);
			sourceTree = "<group>";
		};
		6BA602D22BC0E877008FE214 /* Products */ = {
			isa = PBXGroup;
			children = (
				6BA602D12BC0E877008FE214 /* SafeVis.app */,
				6BA602E12BC0E878008FE214 /* SafeVisTests.xctest */,
				6BA602EB2BC0E878008FE214 /* SafeVisUITests.xctest */,
			);
			name = Products;
			sourceTree = "<group>";
		};
		6BA602D32BC0E877008FE214 /* SafeVis */ = {
			isa = PBXGroup;
			children = (
				6BA603002BC1B95A008FE214 /* Info.plist */,
				6BA602D42BC0E877008FE214 /* SafeVisApp.swift */,
				6BA602D62BC0E877008FE214 /* ContentView.swift */,
				6BA602D82BC0E878008FE214 /* Assets.xcassets */,
				6BA602DA2BC0E878008FE214 /* Preview Content */,
			);
			path = SafeVis;
			sourceTree = "<group>";
		};
		6BA602DA2BC0E878008FE214 /* Preview Content */ = {
			isa = PBXGroup;
			children = (
				6BA602DB2BC0E878008FE214 /* Preview Assets.xcassets */,
			);
			path = "Preview Content";
			sourceTree = "<group>";
		};
		6BA602E42BC0E878008FE214 /* SafeVisTests */ = {
			isa = PBXGroup;
			children = (
				6BA602E52BC0E878008FE214 /* SafeVisTests.swift */,
			);
			path = SafeVisTests;
			sourceTree = "<group>";
		};
		6BA602EE2BC0E878008FE214 /* SafeVisUITests */ = {
			isa = PBXGroup;
			children = (
				6BA602EF2BC0E878008FE214 /* SafeVisUITests.swift */,
				6BA602F12BC0E878008FE214 /* SafeVisUITestsLaunchTests.swift */,
			);
			path = SafeVisUITests;
			sourceTree = "<group>";
		};
/* End PBXGroup section */

/* Begin PBXNativeTarget section */
		6BA602D02BC0E877008FE214 /* SafeVis */ = {
			isa = PBXNativeTarget;
			buildConfigurationList = 6BA602F52BC0E878008FE214 /* Build configuration list for PBXNativeTarget "SafeVis" */;
			buildPhases = (
				6BA602CD2BC0E877008FE214 /* Sources */,
				6BA602CE2BC0E877008FE214 /* Frameworks */,
				6BA602CF2BC0E877008FE214 /* Resources */,
			);
			buildRules = (
			);
			dependencies = (
			);
			name = SafeVis;
			productName = SafeVis;
			productReference = 6BA602D12BC0E877008FE214 /* SafeVis.app */;
			productType = "com.apple.product-type.application";
		};
		6BA602E02BC0E878008FE214 /* SafeVisTests */ = {
			isa = PBXNativeTarget;
			buildConfigurationList = 6BA602F82BC0E878008FE214 /* Build configuration list for PBXNativeTarget "SafeVisTests" */;
			buildPhases = (
				6BA602DD2BC0E878008FE214 /* Sources */,
				6BA602DE2BC0E878008FE214 /* Frameworks */,
				6BA602DF2BC0E878008FE214 /* Resources */,
			);
			buildRules = (
			);
			dependencies = (
				6BA602E32BC0E878008FE214 /* PBXTargetDependency */,
			);
			name = SafeVisTests;
			productName = SafeVisTests;
			productReference = 6BA602E12BC0E878008FE214 /* SafeVisTests.xctest */;
			productType = "com.apple.product-type.bundle.unit-test";
		};
		6BA602EA2BC0E878008FE214 /* SafeVisUITests */ = {
			isa = PBXNativeTarget;
			buildConfigurationList = 6BA602FB2BC0E878008FE214 /* Build configuration list for PBXNativeTarget "SafeVisUITests" */;
			buildPhases = (
				6BA602E72BC0E878008FE214 /* Sources */,
				6BA602E82BC0E878008FE214 /* Frameworks */,
				6BA602E92BC0E878008FE214 /* Resources */,
			);
			buildRules = (
			);
			dependencies = (
				6BA602ED2BC0E878008FE214 /* PBXTargetDependency */,
			);
			name = SafeVisUITests;
			productName = SafeVisUITests;
			productReference = 6BA602EB2BC0E878008FE214 /* SafeVisUITests.xctest */;
			productType = "com.apple.product-type.bundle.ui-testing";
		};
/* End PBXNativeTarget section */

/* Begin PBXProject section */
		6BA602C92BC0E877008FE214 /* Project object */ = {
			isa = PBXProject;
			attributes = {
				BuildIndependentTargetsInParallel = 1;
				LastSwiftUpdateCheck = 1530;
				LastUpgradeCheck = 1530;
				TargetAttributes = {
					6BA602D02BC0E877008FE214 = {
						CreatedOnToolsVersion = 15.3;
					};
					6BA602E02BC0E878008FE214 = {
						CreatedOnToolsVersion = 15.3;
						TestTargetID = 6BA602D02BC0E877008FE214;
					};
					6BA602EA2BC0E878008FE214 = {
						CreatedOnToolsVersion = 15.3;
						TestTargetID = 6BA602D02BC0E877008FE214;
					};
				};
			};
			buildConfigurationList = 6BA602CC2BC0E877008FE214 /* Build configuration list for PBXProject "SafeVis" */;
			compatibilityVersion = "Xcode 14.0";
			developmentRegion = en;
			hasScannedForEncodings = 0;
			knownRegions = (
				en,
				Base,
			);
			mainGroup = 6BA602C82BC0E877008FE214;
			productRefGroup = 6BA602D22BC0E877008FE214 /* Products */;
			projectDirPath = "";
			projectRoot = "";
			targets = (
				6BA602D02BC0E877008FE214 /* SafeVis */,
				6BA602E02BC0E878008FE214 /* SafeVisTests */,
				6BA602EA2BC0E878008FE214 /* SafeVisUITests */,
			);
		};
/* End PBXProject section */

/* Begin PBXResourcesBuildPhase section */
		6BA602CF2BC0E877008FE214 /* Resources */ = {
			isa = PBXResourcesBuildPhase;
			buildActionMask = 2147483647;
			files = (
				6BA602DC2BC0E878008FE214 /* Preview Assets.xcassets in Resources */,
				6BA602D92BC0E878008FE214 /* Assets.xcassets in Resources */,
			);
			runOnlyForDeploymentPostprocessing = 0;
		};
		6BA602DF2BC0E878008FE214 /* Resources */ = {
			isa = PBXResourcesBuildPhase;
			buildActionMask = 2147483647;
			files = (
			);
			runOnlyForDeploymentPostprocessing = 0;
		};
		6BA602E92BC0E878008FE214 /* Resources */ = {
			isa = PBXResourcesBuildPhase;
			buildActionMask = 2147483647;
			files = (
			);
			runOnlyForDeploymentPostprocessing = 0;
		};
/* End PBXResourcesBuildPhase section */

/* Begin PBXSourcesBuildPhase section */
		6BA602CD2BC0E877008FE214 /* Sources */ = {
			isa = PBXSourcesBuildPhase;
			buildActionMask = 2147483647;
			files = (
				6BA602D72BC0E877008FE214 /* ContentView.swift in Sources */,
				6BA602D52BC0E877008FE214 /* SafeVisApp.swift in Sources */,
			);
			runOnlyForDeploymentPostprocessing = 0;
		};
		6BA602DD2BC0E878008FE214 /* Sources */ = {
			isa = PBXSourcesBuildPhase;
			buildActionMask = 2147483647;
			files = (
				6BA602E62BC0E878008FE214 /* SafeVisTests.swift in Sources */,
			);
			runOnlyForDeploymentPostprocessing = 0;
		};
		6BA602E72BC0E878008FE214 /* Sources */ = {
			isa = PBXSourcesBuildPhase;
			buildActionMask = 2147483647;
			files = (
				6BA602F22BC0E878008FE214 /* SafeVisUITestsLaunchTests.swift in Sources */,
				6BA602F02BC0E878008FE214 /* SafeVisUITests.swift in Sources */,
			);
			runOnlyForDeploymentPostprocessing = 0;
		};
/* End PBXSourcesBuildPhase section */

/* Begin PBXTargetDependency section */
		6BA602E32BC0E878008FE214 /* PBXTargetDependency */ = {
			isa = PBXTargetDependency;
			target = 6BA602D02BC0E877008FE214 /* SafeVis */;
			targetProxy = 6BA602E22BC0E878008FE214 /* PBXContainerItemProxy */;
		};
		6BA602ED2BC0E878008FE214 /* PBXTargetDependency */ = {
			isa = PBXTargetDependency;
			target = 6BA602D02BC0E877008FE214 /* SafeVis */;
			targetProxy = 6BA602EC2BC0E878008FE214 /* PBXContainerItemProxy */;
		};
/* End PBXTargetDependency section */

/* Begin XCBuildConfiguration section */
		6BA602F32BC0E878008FE214 /* Debug */ = {
			isa = XCBuildConfiguration;
			buildSettings = {
				ALWAYS_SEARCH_USER_PATHS = NO;
				ASSETCATALOG_COMPILER_GENERATE_SWIFT_ASSET_SYMBOL_EXTENSIONS = YES;
				CLANG_ANALYZER_NONNULL = YES;
				CLANG_ANALYZER_NUMBER_OBJECT_CONVERSION = YES_AGGRESSIVE;
				CLANG_CXX_LANGUAGE_STANDARD = "gnu++20";
				CLANG_ENABLE_MODULES = YES;
				CLANG_ENABLE_OBJC_ARC = YES;
				CLANG_ENABLE_OBJC_WEAK = YES;
				CLANG_WARN_BLOCK_CAPTURE_AUTORELEASING = YES;
				CLANG_WARN_BOOL_CONVERSION = YES;
				CLANG_WARN_COMMA = YES;
				CLANG_WARN_CONSTANT_CONVERSION = YES;
				CLANG_WARN_DEPRECATED_OBJC_IMPLEMENTATIONS = YES;
				CLANG_WARN_DIRECT_OBJC_ISA_USAGE = YES_ERROR;
				CLANG_WARN_DOCUMENTATION_COMMENTS = YES;
				CLANG_WARN_EMPTY_BODY = YES;
				CLANG_WARN_ENUM_CONVERSION = YES;
				CLANG_WARN_INFINITE_RECURSION = YES;
				CLANG_WARN_INT_CONVERSION = YES;
				CLANG_WARN_NON_LITERAL_NULL_CONVERSION = YES;
				CLANG_WARN_OBJC_IMPLICIT_RETAIN_SELF = YES;
				CLANG_WARN_OBJC_LITERAL_CONVERSION = YES;
				CLANG_WARN_OBJC_ROOT_CLASS = YES_ERROR;
				CLANG_WARN_QUOTED_INCLUDE_IN_FRAMEWORK_HEADER = YES;
				CLANG_WARN_RANGE_LOOP_ANALYSIS = YES;
				CLANG_WARN_STRICT_PROTOTYPES = YES;
				CLANG_WARN_SUSPICIOUS_MOVE = YES;
				CLANG_WARN_UNGUARDED_AVAILABILITY = YES_AGGRESSIVE;
				CLANG_WARN_UNREACHABLE_CODE = YES;
				CLANG_WARN__DUPLICATE_METHOD_MATCH = YES;
				COPY_PHASE_STRIP = NO;
				DEBUG_INFORMATION_FORMAT = dwarf;
				ENABLE_STRICT_OBJC_MSGSEND = YES;
				ENABLE_TESTABILITY = YES;
				ENABLE_USER_SCRIPT_SANDBOXING = YES;
				GCC_C_LANGUAGE_STANDARD = gnu17;
				GCC_DYNAMIC_NO_PIC = NO;
				GCC_NO_COMMON_BLOCKS = YES;
				GCC_OPTIMIZATION_LEVEL = 0;
				GCC_PREPROCESSOR_DEFINITIONS = (
					"DEBUG=1",
					"$(inherited)",
				);
				GCC_WARN_64_TO_32_BIT_CONVERSION = YES;
				GCC_WARN_ABOUT_RETURN_TYPE = YES_ERROR;
				GCC_WARN_UNDECLARED_SELECTOR = YES;
				GCC_WARN_UNINITIALIZED_AUTOS = YES_AGGRESSIVE;
				GCC_WARN_UNUSED_FUNCTION = YES;
				GCC_WARN_UNUSED_VARIABLE = YES;
				IPHONEOS_DEPLOYMENT_TARGET = 17.4;
				LOCALIZATION_PREFERS_STRING_CATALOGS = YES;
				MTL_ENABLE_DEBUG_INFO = INCLUDE_SOURCE;
				MTL_FAST_MATH = YES;
				ONLY_ACTIVE_ARCH = YES;
				SDKROOT = iphoneos;
				SWIFT_ACTIVE_COMPILATION_CONDITIONS = "DEBUG $(inherited)";
				SWIFT_OPTIMIZATION_LEVEL = "-Onone";
			};
			name = Debug;
		};
		6BA602F42BC0E878008FE214 /* Release */ = {
			isa = XCBuildConfiguration;
			buildSettings = {
				ALWAYS_SEARCH_USER_PATHS = NO;
				ASSETCATALOG_COMPILER_GENERATE_SWIFT_ASSET_SYMBOL_EXTENSIONS = YES;
				CLANG_ANALYZER_NONNULL = YES;
				CLANG_ANALYZER_NUMBER_OBJECT_CONVERSION = YES_AGGRESSIVE;
				CLANG_CXX_LANGUAGE_STANDARD = "gnu++20";
				CLANG_ENABLE_MODULES = YES;
				CLANG_ENABLE_OBJC_ARC = YES;
				CLANG_ENABLE_OBJC_WEAK = YES;
				CLANG_WARN_BLOCK_CAPTURE_AUTORELEASING = YES;
				CLANG_WARN_BOOL_CONVERSION = YES;
				CLANG_WARN_COMMA = YES;
				CLANG_WARN_CONSTANT_CONVERSION = YES;
				CLANG_WARN_DEPRECATED_OBJC_IMPLEMENTATIONS = YES;
				CLANG_WARN_DIRECT_OBJC_ISA_USAGE = YES_ERROR;
				CLANG_WARN_DOCUMENTATION_COMMENTS = YES;
				CLANG_WARN_EMPTY_BODY = YES;
				CLANG_WARN_ENUM_CONVERSION = YES;
				CLANG_WARN_INFINITE_RECURSION = YES;
				CLANG_WARN_INT_CONVERSION = YES;
				CLANG_WARN_NON_LITERAL_NULL_CONVERSION = YES;
				CLANG_WARN_OBJC_IMPLICIT_RETAIN_SELF = YES;
				CLANG_WARN_OBJC_LITERAL_CONVERSION = YES;
				CLANG_WARN_OBJC_ROOT_CLASS = YES_ERROR;
				CLANG_WARN_QUOTED_INCLUDE_IN_FRAMEWORK_HEADER = YES;
				CLANG_WARN_RANGE_LOOP_ANALYSIS = YES;
				CLANG_WARN_STRICT_PROTOTYPES = YES;
				CLANG_WARN_SUSPICIOUS_MOVE = YES;
				CLANG_WARN_UNGUARDED_AVAILABILITY = YES_AGGRESSIVE;
				CLANG_WARN_UNREACHABLE_CODE = YES;
				CLANG_WARN__DUPLICATE_METHOD_MATCH = YES;
				COPY_PHASE_STRIP = NO;
				DEBUG_INFORMATION_FORMAT = "dwarf-with-dsym";
				ENABLE_NS_ASSERTIONS = NO;
				ENABLE_STRICT_OBJC_MSGSEND = YES;
				ENABLE_USER_SCRIPT_SANDBOXING = YES;
				GCC_C_LANGUAGE_STANDARD = gnu17;
				GCC_NO_COMMON_BLOCKS = YES;
				GCC_WARN_64_TO_32_BIT_CONVERSION = YES;
				GCC_WARN_ABOUT_RETURN_TYPE = YES_ERROR;
				GCC_WARN_UNDECLARED_SELECTOR = YES;
				GCC_WARN_UNINITIALIZED_AUTOS = YES_AGGRESSIVE;
				GCC_WARN_UNUSED_FUNCTION = YES;
				GCC_WARN_UNUSED_VARIABLE = YES;
				IPHONEOS_DEPLOYMENT_TARGET = 17.4;
				LOCALIZATION_PREFERS_STRING_CATALOGS = YES;
				MTL_ENABLE_DEBUG_INFO = NO;
				MTL_FAST_MATH = YES;
				SDKROOT = iphoneos;
				SWIFT_COMPILATION_MODE = wholemodule;
				VALIDATE_PRODUCT = YES;
			};
			name = Release;
		};
		6BA602F62BC0E878008FE214 /* Debug */ = {
			isa = XCBuildConfiguration;
			buildSettings = {
				ASSETCATALOG_COMPILER_APPICON_NAME = AppIcon;
				ASSETCATALOG_COMPILER_GLOBAL_ACCENT_COLOR_NAME = AccentColor;
				CODE_SIGN_STYLE = Automatic;
				CURRENT_PROJECT_VERSION = 1;
				DEVELOPMENT_ASSET_PATHS = "\"SafeVis/Preview Content\"";
				ENABLE_PREVIEWS = YES;
				GENERATE_INFOPLIST_FILE = YES;
				INFOPLIST_FILE = SafeVis/Info.plist;
				INFOPLIST_KEY_NSCameraUsageDescription = "we use this to photograph your neighbors";
				INFOPLIST_KEY_UIApplicationSceneManifest_Generation = YES;
				INFOPLIST_KEY_UIApplicationSupportsIndirectInputEvents = YES;
				INFOPLIST_KEY_UILaunchScreen_Generation = YES;
				INFOPLIST_KEY_UISupportedInterfaceOrientations_iPad = "UIInterfaceOrientationPortrait UIInterfaceOrientationPortraitUpsideDown UIInterfaceOrientationLandscapeLeft UIInterfaceOrientationLandscapeRight";
				INFOPLIST_KEY_UISupportedInterfaceOrientations_iPhone = "UIInterfaceOrientationPortrait UIInterfaceOrientationLandscapeLeft UIInterfaceOrientationLandscapeRight";
				LD_RUNPATH_SEARCH_PATHS = (
					"$(inherited)",
					"@executable_path/Frameworks",
				);
				MARKETING_VERSION = 1.0;
				PRODUCT_BUNDLE_IDENTIFIER = com.example.SafeVis;
				PRODUCT_NAME = "$(TARGET_NAME)";
				SWIFT_EMIT_LOC_STRINGS = YES;
				SWIFT_VERSION = 5.0;
				TARGETED_DEVICE_FAMILY = "1,2";
			};
			name = Debug;
		};
		6BA602F72BC0E878008FE214 /* Release */ = {
			isa = XCBuildConfiguration;
			buildSettings = {
				ASSETCATALOG_COMPILER_APPICON_NAME = AppIcon;
				ASSETCATALOG_COMPILER_GLOBAL_ACCENT_COLOR_NAME = AccentColor;
				CODE_SIGN_STYLE = Automatic;
				CURRENT_PROJECT_VERSION = 1;
				DEVELOPMENT_ASSET_PATHS = "\"SafeVis/Preview Content\"";
				ENABLE_PREVIEWS = YES;
				GENERATE_INFOPLIST_FILE = YES;
				INFOPLIST_FILE = SafeVis/Info.plist;
				INFOPLIST_KEY_NSCameraUsageDescription = "we use this to photograph your neighbors";
				INFOPLIST_KEY_UIApplicationSceneManifest_Generation = YES;
				INFOPLIST_KEY_UIApplicationSupportsIndirectInputEvents = YES;
				INFOPLIST_KEY_UILaunchScreen_Generation = YES;
				INFOPLIST_KEY_UISupportedInterfaceOrientations_iPad = "UIInterfaceOrientationPortrait UIInterfaceOrientationPortraitUpsideDown UIInterfaceOrientationLandscapeLeft UIInterfaceOrientationLandscapeRight";
				INFOPLIST_KEY_UISupportedInterfaceOrientations_iPhone = "UIInterfaceOrientationPortrait UIInterfaceOrientationLandscapeLeft UIInterfaceOrientationLandscapeRight";
				LD_RUNPATH_SEARCH_PATHS = (
					"$(inherited)",
					"@executable_path/Frameworks",
				);
				MARKETING_VERSION = 1.0;
				PRODUCT_BUNDLE_IDENTIFIER = com.example.SafeVis;
				PRODUCT_NAME = "$(TARGET_NAME)";
				SWIFT_EMIT_LOC_STRINGS = YES;
				SWIFT_VERSION = 5.0;
				TARGETED_DEVICE_FAMILY = "1,2";
			};
			name = Release;
		};
		6BA602F92BC0E878008FE214 /* Debug */ = {
			isa = XCBuildConfiguration;
			buildSettings = {
				ALWAYS_EMBED_SWIFT_STANDARD_LIBRARIES = YES;
				BUNDLE_LOADER = "$(TEST_HOST)";
				CODE_SIGN_STYLE = Automatic;
				CURRENT_PROJECT_VERSION = 1;
				GENERATE_INFOPLIST_FILE = YES;
				IPHONEOS_DEPLOYMENT_TARGET = 17.4;
				MARKETING_VERSION = 1.0;
				PRODUCT_BUNDLE_IDENTIFIER = com.example.SafeVisTests;
				PRODUCT_NAME = "$(TARGET_NAME)";
				SWIFT_EMIT_LOC_STRINGS = NO;
				SWIFT_VERSION = 5.0;
				TARGETED_DEVICE_FAMILY = "1,2";
				TEST_HOST = "$(BUILT_PRODUCTS_DIR)/SafeVis.app/$(BUNDLE_EXECUTABLE_FOLDER_PATH)/SafeVis";
			};
			name = Debug;
		};
		6BA602FA2BC0E878008FE214 /* Release */ = {
			isa = XCBuildConfiguration;
			buildSettings = {
				ALWAYS_EMBED_SWIFT_STANDARD_LIBRARIES = YES;
				BUNDLE_LOADER = "$(TEST_HOST)";
				CODE_SIGN_STYLE = Automatic;
				CURRENT_PROJECT_VERSION = 1;
				GENERATE_INFOPLIST_FILE = YES;
				IPHONEOS_DEPLOYMENT_TARGET = 17.4;
				MARKETING_VERSION = 1.0;
				PRODUCT_BUNDLE_IDENTIFIER = com.example.SafeVisTests;
				PRODUCT_NAME = "$(TARGET_NAME)";
				SWIFT_EMIT_LOC_STRINGS = NO;
				SWIFT_VERSION = 5.0;
				TARGETED_DEVICE_FAMILY = "1,2";
				TEST_HOST = "$(BUILT_PRODUCTS_DIR)/SafeVis.app/$(BUNDLE_EXECUTABLE_FOLDER_PATH)/SafeVis";
			};
			name = Release;
		};
		6BA602FC2BC0E878008FE214 /* Debug */ = {
			isa = XCBuildConfiguration;
			buildSettings = {
				ALWAYS_EMBED_SWIFT_STANDARD_LIBRARIES = YES;
				CODE_SIGN_STYLE = Automatic;
				CURRENT_PROJECT_VERSION = 1;
				GENERATE_INFOPLIST_FILE = YES;
				MARKETING_VERSION = 1.0;
				PRODUCT_BUNDLE_IDENTIFIER = com.example.SafeVisUITests;
				PRODUCT_NAME = "$(TARGET_NAME)";
				SWIFT_EMIT_LOC_STRINGS = NO;
				SWIFT_VERSION = 5.0;
				TARGETED_DEVICE_FAMILY = "1,2";
				TEST_TARGET_NAME = SafeVis;
			};
			name = Debug;
		};
		6BA602FD2BC0E878008FE214 /* Release */ = {
			isa = XCBuildConfiguration;
			buildSettings = {
				ALWAYS_EMBED_SWIFT_STANDARD_LIBRARIES = YES;
				CODE_SIGN_STYLE = Automatic;
				CURRENT_PROJECT_VERSION = 1;
				GENERATE_INFOPLIST_FILE = YES;
				MARKETING_VERSION = 1.0;
				PRODUCT_BUNDLE_IDENTIFIER = com.example.SafeVisUITests;
				PRODUCT_NAME = "$(TARGET_NAME)";
				SWIFT_EMIT_LOC_STRINGS = NO;
				SWIFT_VERSION = 5.0;
				TARGETED_DEVICE_FAMILY = "1,2";
				TEST_TARGET_NAME = SafeVis;
			};
			name = Release;
		};
/* End XCBuildConfiguration section */

/* Begin XCConfigurationList section */
		6BA602CC2BC0E877008FE214 /* Build configuration list for PBXProject "SafeVis" */ = {
			isa = XCConfigurationList;
			buildConfigurations = (
				6BA602F32BC0E878008FE214 /* Debug */,
				6BA602F42BC0E878008FE214 /* Release */,
			);
			defaultConfigurationIsVisible = 0;
			defaultConfigurationName = Release;
		};
		6BA602F52BC0E878008FE214 /* Build configuration list for PBXNativeTarget "SafeVis" */ = {
			isa = XCConfigurationList;
			buildConfigurations = (
				6BA602F62BC0E878008FE214 /* Debug */,
				6BA602F72BC0E878008FE214 /* Release */,
			);
			defaultConfigurationIsVisible = 0;
			defaultConfigurationName = Release;
		};
		6BA602F82BC0E878008FE214 /* Build configuration list for PBXNativeTarget "SafeVisTests" */ = {
			isa = XCConfigurationList;
			buildConfigurations = (
				6BA602F92BC0E878008FE214 /* Debug */,
				6BA602FA2BC0E878008FE214 /* Release */,
			);
			defaultConfigurationIsVisible = 0;
			defaultConfigurationName = Release;
		};
		6BA602FB2BC0E878008FE214 /* Build configuration list for PBXNativeTarget "SafeVisUITests" */ = {
			isa = XCConfigurationList;
			buildConfigurations = (
				6BA602FC2BC0E878008FE214 /* Debug */,
				6BA602FD2BC0E878008FE214 /* Release */,
			);
			defaultConfigurationIsVisible = 0;
			defaultConfigurationName = Release;
		};
/* End XCConfigurationList section */
	};
	rootObject = 6BA602C92BC0E877008FE214 /* Project object */;
}
